
Microsoft Visual Studio Solution File, Format Version 12.00
# Visual Studio Version 17
VisualStudioVersion = 17.7.34031.279
MinimumVisualStudioVersion = 10.0.40219.1
Project("{FAE04EC0-301F-11D3-BF4B-00C04F79EFBC}") = "Tymakov8", "Tymakov8\Tymakov8.csproj", "{B1E6B911-D7F2-44A2-A88C-AFF8CDB2E876}"
EndProject
Project("{FAE04EC0-301F-11D3-BF4B-00C04F79EFBC}") = "zadacha", "zadacha\zadacha.csproj", "{DCA0DFDB-130D-4BAB-B569-DEBAC734FBC1}"
EndProject
Global
	GlobalSection(SolutionConfigurationPlatforms) = preSolution
		Debug|Any CPU = Debug|Any CPU
		Release|Any CPU = Release|Any CPU
	EndGlobalSection
	GlobalSection(ProjectConfigurationPlatforms) = postSolution
		{B1E6B911-D7F2-44A2-A88C-AFF8CDB2E876}.Debug|Any CPU.ActiveCfg = Debug|Any CPU
		{B1E6B911-D7F2-44A2-A88C-AFF8CDB2E876}.Debug|Any CPU.Build.0 = Debug|Any CPU
		{B1E6B911-D7F2-44A2-A88C-AFF8CDB2E876}.Release|Any CPU.ActiveCfg = Release|Any CPU
		{B1E6B911-D7F2-44A2-A88C-AFF8CDB2E876}.Release|Any CPU.Build.0 = Release|Any CPU
		{DCA0DFDB-130D-4BAB-B569-DEBAC734FBC1}.Debug|Any CPU.ActiveCfg = Debug|Any CPU
		{DCA0DFDB-130D-4BAB-B569-DEBAC734FBC1}.Debug|Any CPU.Build.0 = Debug|Any CPU
		{DCA0DFDB-130D-4BAB-B569-DEBAC734FBC1}.Release|Any CPU.ActiveCfg = Release|Any CPU
		{DCA0DFDB-130D-4BAB-B569-DEBAC734FBC1}.Release|Any CPU.Build.0 = Release|Any CPU
	EndGlobalSection
	GlobalSection(SolutionProperties) = preSolution
		HideSolutionNode = FALSE
	EndGlobalSection
	GlobalSection(ExtensibilityGlobals) = postSolution
		SolutionGuid = {CE1609E1-C0AE-46AA-96F4-9D8C74CB6794}
	EndGlobalSection
EndGlobal
